
Microsoft Visual Studio Solution File, Format Version 12.00
# Visual Studio Version 17
VisualStudioVersion = 17.9.34701.34
MinimumVisualStudioVersion = 10.0.40219.1
Project("{8BC9CEB8-8B4A-11D0-8D11-00A0C91BC942}") = "ZPegSDK", "ZPegSDK.vcxproj", "{4E1AF4FD-BD9F-40F1-8A89-CE868AD5E375}"
EndProject
Global
	GlobalSection(SolutionConfigurationPlatforms) = preSolution
		Debug|x64 = Debug|x64
		Debug|x86 = Debug|x86
		Release|x64 = Release|x64
		Release|x86 = Release|x86
	EndGlobalSection
	GlobalSection(ProjectConfigurationPlatforms) = postSolution
		{4E1AF4FD-BD9F-40F1-8A89-CE868AD5E375}.Debug|x64.ActiveCfg = Debug|x64
		{4E1AF4FD-BD9F-40F1-8A89-CE868AD5E375}.Debug|x64.Build.0 = Debug|x64
		{4E1AF4FD-BD9F-40F1-8A89-CE868AD5E375}.Debug|x86.ActiveCfg = Debug|Win32
		{4E1AF4FD-BD9F-40F1-8A89-CE868AD5E375}.Debug|x86.Build.0 = Debug|Win32
		{4E1AF4FD-BD9F-40F1-8A89-CE868AD5E375}.Release|x64.ActiveCfg = Release|x64
		{4E1AF4FD-BD9F-40F1-8A89-CE868AD5E375}.Release|x64.Build.0 = Release|x64
		{4E1AF4FD-BD9F-40F1-8A89-CE868AD5E375}.Release|x86.ActiveCfg = Release|Win32
		{4E1AF4FD-BD9F-40F1-8A89-CE868AD5E375}.Release|x86.Build.0 = Release|Win32
	EndGlobalSection
	GlobalSection(SolutionProperties) = preSolution
		HideSolutionNode = FALSE
	EndGlobalSection
	GlobalSection(ExtensibilityGlobals) = postSolution
		SolutionGuid = {F97FAC91-2AE7-4108-95C9-ECCD1DAB7A0B}
	EndGlobalSection
EndGlobal
